// !$*UTF8*$!
{
	archiveVersion = 1;
	classes = {
	};
	objectVersion = 50;
	objects = {

/* Begin PBXBuildFile section */
		2B01DB8F26A7A9B700DC06DF /* landmarkData.json in Resources */ = {isa = PBXBuildFile; fileRef = 2B01DB8E26A7A9B700DC06DF /* landmarkData.json */; };
		2B8F708326A8FBDF003D013F /* LandmarkList.swift in Sources */ = {isa = PBXBuildFile; fileRef = 2B8F708226A8FBDF003D013F /* LandmarkList.swift */; };
		2B8F708526A90278003D013F /* LandmarkDetail.swift in Sources */ = {isa = PBXBuildFile; fileRef = 2B8F708426A90278003D013F /* LandmarkDetail.swift */; };
		2B93994E26A64AA80014207B /* MapView.swift in Sources */ = {isa = PBXBuildFile; fileRef = 2B93994D26A64AA80014207B /* MapView.swift */; };
		2BBCC16A26A5F2FB0047400A /* CircleImage.swift in Sources */ = {isa = PBXBuildFile; fileRef = 2BBCC16926A5F2FB0047400A /* CircleImage.swift */; };
		2BE15A2126A5395D00A741B6 /* LandmarksApp.swift in Sources */ = {isa = PBXBuildFile; fileRef = 2BE15A2026A5395D00A741B6 /* LandmarksApp.swift */; };
		2BE15A2326A5395D00A741B6 /* ContentView.swift in Sources */ = {isa = PBXBuildFile; fileRef = 2BE15A2226A5395D00A741B6 /* ContentView.swift */; };
		2BE15A2526A5395E00A741B6 /* Assets.xcassets in Resources */ = {isa = PBXBuildFile; fileRef = 2BE15A2426A5395E00A741B6 /* Assets.xcassets */; };
		2BE15A2826A5395E00A741B6 /* Preview Assets.xcassets in Resources */ = {isa = PBXBuildFile; fileRef = 2BE15A2726A5395E00A741B6 /* Preview Assets.xcassets */; };
		2BE15A3326A5395E00A741B6 /* LandmarksTests.swift in Sources */ = {isa = PBXBuildFile; fileRef = 2BE15A3226A5395E00A741B6 /* LandmarksTests.swift */; };
		2BE15A3E26A5395E00A741B6 /* LandmarksUITests.swift in Sources */ = {isa = PBXBuildFile; fileRef = 2BE15A3D26A5395E00A741B6 /* LandmarksUITests.swift */; };
		2BF4399226A7AA2200D3CFE8 /* Landmark.swift in Sources */ = {isa = PBXBuildFile; fileRef = 2BF4399126A7AA2200D3CFE8 /* Landmark.swift */; };
		2BF4399426A7AE0E00D3CFE8 /* ModelData.swift in Sources */ = {isa = PBXBuildFile; fileRef = 2BF4399326A7AE0E00D3CFE8 /* ModelData.swift */; };
		2BF4399926A7B69400D3CFE8 /* LandmarkRow.swift in Sources */ = {isa = PBXBuildFile; fileRef = 2BF4399826A7B69400D3CFE8 /* LandmarkRow.swift */; };
/* End PBXBuildFile section */

/* Begin PBXContainerItemProxy section */
		2BE15A2F26A5395E00A741B6 /* PBXContainerItemProxy */ = {
			isa = PBXContainerItemProxy;
			containerPortal = 2BE15A1526A5395D00A741B6 /* Project object */;
			proxyType = 1;
			remoteGlobalIDString = 2BE15A1C26A5395D00A741B6;
			remoteInfo = Landmarks;
		};
		2BE15A3A26A5395E00A741B6 /* PBXContainerItemProxy */ = {
			isa = PBXContainerItemProxy;
			containerPortal = 2BE15A1526A5395D00A741B6 /* Project object */;
			proxyType = 1;
			remoteGlobalIDString = 2BE15A1C26A5395D00A741B6;
			remoteInfo = Landmarks;
		};
/* End PBXContainerItemProxy section */

/* Begin PBXFileReference section */
		2B01DB8E26A7A9B700DC06DF /* landmarkData.json */ = {isa = PBXFileReference; fileEncoding = 4; lastKnownFileType = text.json; path = landmarkData.json; sourceTree = "<group>"; };
		2B8F708226A8FBDF003D013F /* LandmarkList.swift */ = {isa = PBXFileReference; lastKnownFileType = sourcecode.swift; path = LandmarkList.swift; sourceTree = "<group>"; };
		2B8F708426A90278003D013F /* LandmarkDetail.swift */ = {isa = PBXFileReference; lastKnownFileType = sourcecode.swift; path = LandmarkDetail.swift; sourceTree = "<group>"; };
		2B93994D26A64AA80014207B /* MapView.swift */ = {isa = PBXFileReference; lastKnownFileType = sourcecode.swift; path = MapView.swift; sourceTree = "<group>"; };
		2BBCC16926A5F2FB0047400A /* CircleImage.swift */ = {isa = PBXFileReference; lastKnownFileType = sourcecode.swift; path = CircleImage.swift; sourceTree = "<group>"; };
		2BE15A1D26A5395D00A741B6 /* Landmarks.app */ = {isa = PBXFileReference; explicitFileType = wrapper.application; includeInIndex = 0; path = Landmarks.app; sourceTree = BUILT_PRODUCTS_DIR; };
		2BE15A2026A5395D00A741B6 /* LandmarksApp.swift */ = {isa = PBXFileReference; lastKnownFileType = sourcecode.swift; path = LandmarksApp.swift; sourceTree = "<group>"; };
		2BE15A2226A5395D00A741B6 /* ContentView.swift */ = {isa = PBXFileReference; lastKnownFileType = sourcecode.swift; path = ContentView.swift; sourceTree = "<group>"; };
		2BE15A2426A5395E00A741B6 /* Assets.xcassets */ = {isa = PBXFileReference; lastKnownFileType = folder.assetcatalog; path = Assets.xcassets; sourceTree = "<group>"; };
		2BE15A2726A5395E00A741B6 /* Preview Assets.xcassets */ = {isa = PBXFileReference; lastKnownFileType = folder.assetcatalog; path = "Preview Assets.xcassets"; sourceTree = "<group>"; };
		2BE15A2926A5395E00A741B6 /* Info.plist */ = {isa = PBXFileReference; lastKnownFileType = text.plist.xml; path = Info.plist; sourceTree = "<group>"; };
		2BE15A2E26A5395E00A741B6 /* LandmarksTests.xctest */ = {isa = PBXFileReference; explicitFileType = wrapper.cfbundle; includeInIndex = 0; path = LandmarksTests.xctest; sourceTree = BUILT_PRODUCTS_DIR; };
		2BE15A3226A5395E00A741B6 /* LandmarksTests.swift */ = {isa = PBXFileReference; lastKnownFileType = sourcecode.swift; path = LandmarksTests.swift; sourceTree = "<group>"; };
		2BE15A3426A5395E00A741B6 /* Info.plist */ = {isa = PBXFileReference; lastKnownFileType = text.plist.xml; path = Info.plist; sourceTree = "<group>"; };
		2BE15A3926A5395E00A741B6 /* LandmarksUITests.xctest */ = {isa = PBXFileReference; explicitFileType = wrapper.cfbundle; includeInIndex = 0; path = LandmarksUITests.xctest; sourceTree = BUILT_PRODUCTS_DIR; };
		2BE15A3D26A5395E00A741B6 /* LandmarksUITests.swift */ = {isa = PBXFileReference; lastKnownFileType = sourcecode.swift; path = LandmarksUITests.swift; sourceTree = "<group>"; };
		2BE15A3F26A5395E00A741B6 /* Info.plist */ = {isa = PBXFileReference; lastKnownFileType = text.plist.xml; path = Info.plist; sourceTree = "<group>"; };
		2BF4399126A7AA2200D3CFE8 /* Landmark.swift */ = {isa = PBXFileReference; lastKnownFileType = sourcecode.swift; path = Landmark.swift; sourceTree = "<group>"; };
		2BF4399326A7AE0E00D3CFE8 /* ModelData.swift */ = {isa = PBXFileReference; lastKnownFileType = sourcecode.swift; path = ModelData.swift; sourceTree = "<group>"; };
		2BF4399826A7B69400D3CFE8 /* LandmarkRow.swift */ = {isa = PBXFileReference; lastKnownFileType = sourcecode.swift; path = LandmarkRow.swift; sourceTree = "<group>"; };
/* End PBXFileReference section */

/* Begin PBXFrameworksBuildPhase section */
		2BE15A1A26A5395D00A741B6 /* Frameworks */ = {
			isa = PBXFrameworksBuildPhase;
			buildActionMask = 2147483647;
			files = (
			);
			runOnlyForDeploymentPostprocessing = 0;
		};
		2BE15A2B26A5395E00A741B6 /* Frameworks */ = {
			isa = PBXFrameworksBuildPhase;
			buildActionMask = 2147483647;
			files = (
			);
			runOnlyForDeploymentPostprocessing = 0;
		};
		2BE15A3626A5395E00A741B6 /* Frameworks */ = {
			isa = PBXFrameworksBuildPhase;
			buildActionMask = 2147483647;
			files = (
			);
			runOnlyForDeploymentPostprocessing = 0;
		};
/* End PBXFrameworksBuildPhase section */

/* Begin PBXGroup section */
		2BE15A1426A5395D00A741B6 = {
			isa = PBXGroup;
			children = (
				2BE15A1F26A5395D00A741B6 /* Landmarks */,
				2BE15A3126A5395E00A741B6 /* LandmarksTests */,
				2BE15A3C26A5395E00A741B6 /* LandmarksUITests */,
				2BE15A1E26A5395D00A741B6 /* Products */,
			);
			sourceTree = "<group>";
		};
		2BE15A1E26A5395D00A741B6 /* Products */ = {
			isa = PBXGroup;
			children = (
				2BE15A1D26A5395D00A741B6 /* Landmarks.app */,
				2BE15A2E26A5395E00A741B6 /* LandmarksTests.xctest */,
				2BE15A3926A5395E00A741B6 /* LandmarksUITests.xctest */,
			);
			name = Products;
			sourceTree = "<group>";
		};
		2BE15A1F26A5395D00A741B6 /* Landmarks */ = {
			isa = PBXGroup;
			children = (
				2BE15A2026A5395D00A741B6 /* LandmarksApp.swift */,
				2BF4399526A7B3CD00D3CFE8 /* Views */,
				2BF4399626A7B41800D3CFE8 /* Model */,
				2BF4399726A7B46500D3CFE8 /* Resources */,
				2BE15A2426A5395E00A741B6 /* Assets.xcassets */,
				2BE15A2926A5395E00A741B6 /* Info.plist */,
				2BE15A2626A5395E00A741B6 /* Preview Content */,
			);
			path = Landmarks;
			sourceTree = "<group>";
		};
		2BE15A2626A5395E00A741B6 /* Preview Content */ = {
			isa = PBXGroup;
			children = (
				2BE15A2726A5395E00A741B6 /* Preview Assets.xcassets */,
			);
			path = "Preview Content";
			sourceTree = "<group>";
		};
		2BE15A3126A5395E00A741B6 /* LandmarksTests */ = {
			isa = PBXGroup;
			children = (
				2BE15A3226A5395E00A741B6 /* LandmarksTests.swift */,
				2BE15A3426A5395E00A741B6 /* Info.plist */,
			);
			path = LandmarksTests;
			sourceTree = "<group>";
		};
		2BE15A3C26A5395E00A741B6 /* LandmarksUITests */ = {
			isa = PBXGroup;
			children = (
				2BE15A3D26A5395E00A741B6 /* LandmarksUITests.swift */,
				2BE15A3F26A5395E00A741B6 /* Info.plist */,
			);
			path = LandmarksUITests;
			sourceTree = "<group>";
		};
		2BF4399526A7B3CD00D3CFE8 /* Views */ = {
			isa = PBXGroup;
			children = (
				2BE15A2226A5395D00A741B6 /* ContentView.swift */,
				2BBCC16926A5F2FB0047400A /* CircleImage.swift */,
				2B93994D26A64AA80014207B /* MapView.swift */,
				2BF4399826A7B69400D3CFE8 /* LandmarkRow.swift */,
				2B8F708226A8FBDF003D013F /* LandmarkList.swift */,
				2B8F708426A90278003D013F /* LandmarkDetail.swift */,
			);
			path = Views;
			sourceTree = "<group>";
		};
		2BF4399626A7B41800D3CFE8 /* Model */ = {
			isa = PBXGroup;
			children = (
				2BF4399126A7AA2200D3CFE8 /* Landmark.swift */,
				2BF4399326A7AE0E00D3CFE8 /* ModelData.swift */,
			);
			path = Model;
			sourceTree = "<group>";
		};
		2BF4399726A7B46500D3CFE8 /* Resources */ = {
			isa = PBXGroup;
			children = (
				2B01DB8E26A7A9B700DC06DF /* landmarkData.json */,
			);
			path = Resources;
			sourceTree = "<group>";
		};
/* End PBXGroup section */

/* Begin PBXNativeTarget section */
		2BE15A1C26A5395D00A741B6 /* Landmarks */ = {
			isa = PBXNativeTarget;
			buildConfigurationList = 2BE15A4226A5395E00A741B6 /* Build configuration list for PBXNativeTarget "Landmarks" */;
			buildPhases = (
				2BE15A1926A5395D00A741B6 /* Sources */,
				2BE15A1A26A5395D00A741B6 /* Frameworks */,
				2BE15A1B26A5395D00A741B6 /* Resources */,
			);
			buildRules = (
			);
			dependencies = (
			);
			name = Landmarks;
			productName = Landmarks;
			productReference = 2BE15A1D26A5395D00A741B6 /* Landmarks.app */;
			productType = "com.apple.product-type.application";
		};
		2BE15A2D26A5395E00A741B6 /* LandmarksTests */ = {
			isa = PBXNativeTarget;
			buildConfigurationList = 2BE15A4526A5395E00A741B6 /* Build configuration list for PBXNativeTarget "LandmarksTests" */;
			buildPhases = (
				2BE15A2A26A5395E00A741B6 /* Sources */,
				2BE15A2B26A5395E00A741B6 /* Frameworks */,
				2BE15A2C26A5395E00A741B6 /* Resources */,
			);
			buildRules = (
			);
			dependencies = (
				2BE15A3026A5395E00A741B6 /* PBXTargetDependency */,
			);
			name = LandmarksTests;
			productName = LandmarksTests;
			productReference = 2BE15A2E26A5395E00A741B6 /* LandmarksTests.xctest */;
			productType = "com.apple.product-type.bundle.unit-test";
		};
		2BE15A3826A5395E00A741B6 /* LandmarksUITests */ = {
			isa = PBXNativeTarget;
			buildConfigurationList = 2BE15A4826A5395E00A741B6 /* Build configuration list for PBXNativeTarget "LandmarksUITests" */;
			buildPhases = (
				2BE15A3526A5395E00A741B6 /* Sources */,
				2BE15A3626A5395E00A741B6 /* Frameworks */,
				2BE15A3726A5395E00A741B6 /* Resources */,
			);
			buildRules = (
			);
			dependencies = (
				2BE15A3B26A5395E00A741B6 /* PBXTargetDependency */,
			);
			name = LandmarksUITests;
			productName = LandmarksUITests;
			productReference = 2BE15A3926A5395E00A741B6 /* LandmarksUITests.xctest */;
			productType = "com.apple.product-type.bundle.ui-testing";
		};
/* End PBXNativeTarget section */

/* Begin PBXProject section */
		2BE15A1526A5395D00A741B6 /* Project object */ = {
			isa = PBXProject;
			attributes = {
				LastSwiftUpdateCheck = 1250;
				LastUpgradeCheck = 1250;
				TargetAttributes = {
					2BE15A1C26A5395D00A741B6 = {
						CreatedOnToolsVersion = 12.5.1;
					};
					2BE15A2D26A5395E00A741B6 = {
						CreatedOnToolsVersion = 12.5.1;
						TestTargetID = 2BE15A1C26A5395D00A741B6;
					};
					2BE15A3826A5395E00A741B6 = {
						CreatedOnToolsVersion = 12.5.1;
						TestTargetID = 2BE15A1C26A5395D00A741B6;
					};
				};
			};
			buildConfigurationList = 2BE15A1826A5395D00A741B6 /* Build configuration list for PBXProject "Landmarks" */;
			compatibilityVersion = "Xcode 9.3";
			developmentRegion = en;
			hasScannedForEncodings = 0;
			knownRegions = (
				en,
				Base,
			);
			mainGroup = 2BE15A1426A5395D00A741B6;
			productRefGroup = 2BE15A1E26A5395D00A741B6 /* Products */;
			projectDirPath = "";
			projectRoot = "";
			targets = (
				2BE15A1C26A5395D00A741B6 /* Landmarks */,
				2BE15A2D26A5395E00A741B6 /* LandmarksTests */,
				2BE15A3826A5395E00A741B6 /* LandmarksUITests */,
			);
		};
/* End PBXProject section */

/* Begin PBXResourcesBuildPhase section */
		2BE15A1B26A5395D00A741B6 /* Resources */ = {
			isa = PBXResourcesBuildPhase;
			buildActionMask = 2147483647;
			files = (
				2BE15A2826A5395E00A741B6 /* Preview Assets.xcassets in Resources */,
				2BE15A2526A5395E00A741B6 /* Assets.xcassets in Resources */,
				2B01DB8F26A7A9B700DC06DF /* landmarkData.json in Resources */,
			);
			runOnlyForDeploymentPostprocessing = 0;
		};
		2BE15A2C26A5395E00A741B6 /* Resources */ = {
			isa = PBXResourcesBuildPhase;
			buildActionMask = 2147483647;
			files = (
			);
			runOnlyForDeploymentPostprocessing = 0;
		};
		2BE15A3726A5395E00A741B6 /* Resources */ = {
			isa = PBXResourcesBuildPhase;
			buildActionMask = 2147483647;
			files = (
			);
			runOnlyForDeploymentPostprocessing = 0;
		};
/* End PBXResourcesBuildPhase section */

/* Begin PBXSourcesBuildPhase section */
		2BE15A1926A5395D00A741B6 /* Sources */ = {
			isa = PBXSourcesBuildPhase;
			buildActionMask = 2147483647;
			files = (
				2BE15A2326A5395D00A741B6 /* ContentView.swift in Sources */,
				2B93994E26A64AA80014207B /* MapView.swift in Sources */,
				2BE15A2126A5395D00A741B6 /* LandmarksApp.swift in Sources */,
				2B8F708326A8FBDF003D013F /* LandmarkList.swift in Sources */,
				2B8F708526A90278003D013F /* LandmarkDetail.swift in Sources */,
				2BBCC16A26A5F2FB0047400A /* CircleImage.swift in Sources */,
				2BF4399226A7AA2200D3CFE8 /* Landmark.swift in Sources */,
				2BF4399926A7B69400D3CFE8 /* LandmarkRow.swift in Sources */,
				2BF4399426A7AE0E00D3CFE8 /* ModelData.swift in Sources */,
			);
			runOnlyForDeploymentPostprocessing = 0;
		};
		2BE15A2A26A5395E00A741B6 /* Sources */ = {
			isa = PBXSourcesBuildPhase;
			buildActionMask = 2147483647;
			files = (
				2BE15A3326A5395E00A741B6 /* LandmarksTests.swift in Sources */,
			);
			runOnlyForDeploymentPostprocessing = 0;
		};
		2BE15A3526A5395E00A741B6 /* Sources */ = {
			isa = PBXSourcesBuildPhase;
			buildActionMask = 2147483647;
			files = (
				2BE15A3E26A5395E00A741B6 /* LandmarksUITests.swift in Sources */,
			);
			runOnlyForDeploymentPostprocessing = 0;
		};
/* End PBXSourcesBuildPhase section */

/* Begin PBXTargetDependency section */
		2BE15A3026A5395E00A741B6 /* PBXTargetDependency */ = {
			isa = PBXTargetDependency;
			target = 2BE15A1C26A5395D00A741B6 /* Landmarks */;
			targetProxy = 2BE15A2F26A5395E00A741B6 /* PBXContainerItemProxy */;
		};
		2BE15A3B26A5395E00A741B6 /* PBXTargetDependency */ = {
			isa = PBXTargetDependency;
			target = 2BE15A1C26A5395D00A741B6 /* Landmarks */;
			targetProxy = 2BE15A3A26A5395E00A741B6 /* PBXContainerItemProxy */;
		};
/* End PBXTargetDependency section */

/* Begin XCBuildConfiguration section */
		2BE15A4026A5395E00A741B6 /* Debug */ = {
			isa = XCBuildConfiguration;
			buildSettings = {
				ALWAYS_SEARCH_USER_PATHS = NO;
				CLANG_ANALYZER_NONNULL = YES;
				CLANG_ANALYZER_NUMBER_OBJECT_CONVERSION = YES_AGGRESSIVE;
				CLANG_CXX_LANGUAGE_STANDARD = "gnu++14";
				CLANG_CXX_LIBRARY = "libc++";
				CLANG_ENABLE_MODULES = YES;
				CLANG_ENABLE_OBJC_ARC = YES;
				CLANG_ENABLE_OBJC_WEAK = YES;
				CLANG_WARN_BLOCK_CAPTURE_AUTORELEASING = YES;
				CLANG_WARN_BOOL_CONVERSION = YES;
				CLANG_WARN_COMMA = YES;
				CLANG_WARN_CONSTANT_CONVERSION = YES;
				CLANG_WARN_DEPRECATED_OBJC_IMPLEMENTATIONS = YES;
				CLANG_WARN_DIRECT_OBJC_ISA_USAGE = YES_ERROR;
				CLANG_WARN_DOCUMENTATION_COMMENTS = YES;
				CLANG_WARN_EMPTY_BODY = YES;
				CLANG_WARN_ENUM_CONVERSION = YES;
				CLANG_WARN_INFINITE_RECURSION = YES;
				CLANG_WARN_INT_CONVERSION = YES;
				CLANG_WARN_NON_LITERAL_NULL_CONVERSION = YES;
				CLANG_WARN_OBJC_IMPLICIT_RETAIN_SELF = YES;
				CLANG_WARN_OBJC_LITERAL_CONVERSION = YES;
				CLANG_WARN_OBJC_ROOT_CLASS = YES_ERROR;
				CLANG_WARN_QUOTED_INCLUDE_IN_FRAMEWORK_HEADER = YES;
				CLANG_WARN_RANGE_LOOP_ANALYSIS = YES;
				CLANG_WARN_STRICT_PROTOTYPES = YES;
				CLANG_WARN_SUSPICIOUS_MOVE = YES;
				CLANG_WARN_UNGUARDED_AVAILABILITY = YES_AGGRESSIVE;
				CLANG_WARN_UNREACHABLE_CODE = YES;
				CLANG_WARN__DUPLICATE_METHOD_MATCH = YES;
				COPY_PHASE_STRIP = NO;
				DEBUG_INFORMATION_FORMAT = dwarf;
				ENABLE_STRICT_OBJC_MSGSEND = YES;
				ENABLE_TESTABILITY = YES;
				GCC_C_LANGUAGE_STANDARD = gnu11;
				GCC_DYNAMIC_NO_PIC = NO;
				GCC_NO_COMMON_BLOCKS = YES;
				GCC_OPTIMIZATION_LEVEL = 0;
				GCC_PREPROCESSOR_DEFINITIONS = (
					"DEBUG=1",
					"$(inherited)",
				);
				GCC_WARN_64_TO_32_BIT_CONVERSION = YES;
				GCC_WARN_ABOUT_RETURN_TYPE = YES_ERROR;
				GCC_WARN_UNDECLARED_SELECTOR = YES;
				GCC_WARN_UNINITIALIZED_AUTOS = YES_AGGRESSIVE;
				GCC_WARN_UNUSED_FUNCTION = YES;
				GCC_WARN_UNUSED_VARIABLE = YES;
				IPHONEOS_DEPLOYMENT_TARGET = 14.5;
				MTL_ENABLE_DEBUG_INFO = INCLUDE_SOURCE;
				MTL_FAST_MATH = YES;
				ONLY_ACTIVE_ARCH = YES;
				SDKROOT = iphoneos;
				SWIFT_ACTIVE_COMPILATION_CONDITIONS = DEBUG;
				SWIFT_OPTIMIZATION_LEVEL = "-Onone";
			};
			name = Debug;
		};
		2BE15A4126A5395E00A741B6 /* Release */ = {
			isa = XCBuildConfiguration;
			buildSettings = {
				ALWAYS_SEARCH_USER_PATHS = NO;
				CLANG_ANALYZER_NONNULL = YES;
				CLANG_ANALYZER_NUMBER_OBJECT_CONVERSION = YES_AGGRESSIVE;
				CLANG_CXX_LANGUAGE_STANDARD = "gnu++14";
				CLANG_CXX_LIBRARY = "libc++";
				CLANG_ENABLE_MODULES = YES;
				CLANG_ENABLE_OBJC_ARC = YES;
				CLANG_ENABLE_OBJC_WEAK = YES;
				CLANG_WARN_BLOCK_CAPTURE_AUTORELEASING = YES;
				CLANG_WARN_BOOL_CONVERSION = YES;
				CLANG_WARN_COMMA = YES;
				CLANG_WARN_CONSTANT_CONVERSION = YES;
				CLANG_WARN_DEPRECATED_OBJC_IMPLEMENTATIONS = YES;
				CLANG_WARN_DIRECT_OBJC_ISA_USAGE = YES_ERROR;
				CLANG_WARN_DOCUMENTATION_COMMENTS = YES;
				CLANG_WARN_EMPTY_BODY = YES;
				CLANG_WARN_ENUM_CONVERSION = YES;
				CLANG_WARN_INFINITE_RECURSION = YES;
				CLANG_WARN_INT_CONVERSION = YES;
				CLANG_WARN_NON_LITERAL_NULL_CONVERSION = YES;
				CLANG_WARN_OBJC_IMPLICIT_RETAIN_SELF = YES;
				CLANG_WARN_OBJC_LITERAL_CONVERSION = YES;
				CLANG_WARN_OBJC_ROOT_CLASS = YES_ERROR;
				CLANG_WARN_QUOTED_INCLUDE_IN_FRAMEWORK_HEADER = YES;
				CLANG_WARN_RANGE_LOOP_ANALYSIS = YES;
				CLANG_WARN_STRICT_PROTOTYPES = YES;
				CLANG_WARN_SUSPICIOUS_MOVE = YES;
				CLANG_WARN_UNGUARDED_AVAILABILITY = YES_AGGRESSIVE;
				CLANG_WARN_UNREACHABLE_CODE = YES;
				CLANG_WARN__DUPLICATE_METHOD_MATCH = YES;
				COPY_PHASE_STRIP = NO;
				DEBUG_INFORMATION_FORMAT = "dwarf-with-dsym";
				ENABLE_NS_ASSERTIONS = NO;
				ENABLE_STRICT_OBJC_MSGSEND = YES;
				GCC_C_LANGUAGE_STANDARD = gnu11;
				GCC_NO_COMMON_BLOCKS = YES;
				GCC_WARN_64_TO_32_BIT_CONVERSION = YES;
				GCC_WARN_ABOUT_RETURN_TYPE = YES_ERROR;
				GCC_WARN_UNDECLARED_SELECTOR = YES;
				GCC_WARN_UNINITIALIZED_AUTOS = YES_AGGRESSIVE;
				GCC_WARN_UNUSED_FUNCTION = YES;
				GCC_WARN_UNUSED_VARIABLE = YES;
				IPHONEOS_DEPLOYMENT_TARGET = 14.5;
				MTL_ENABLE_DEBUG_INFO = NO;
				MTL_FAST_MATH = YES;
				SDKROOT = iphoneos;
				SWIFT_COMPILATION_MODE = wholemodule;
				SWIFT_OPTIMIZATION_LEVEL = "-O";
				VALIDATE_PRODUCT = YES;
			};
			name = Release;
		};
		2BE15A4326A5395E00A741B6 /* Debug */ = {
			isa = XCBuildConfiguration;
			buildSettings = {
				ASSETCATALOG_COMPILER_APPICON_NAME = AppIcon;
				ASSETCATALOG_COMPILER_GLOBAL_ACCENT_COLOR_NAME = AccentColor;
				CODE_SIGN_IDENTITY = "Apple Development";
				CODE_SIGN_STYLE = Manual;
				DEVELOPMENT_ASSET_PATHS = "\"Landmarks/Preview Content\"";
				DEVELOPMENT_TEAM = "";
				ENABLE_PREVIEWS = YES;
				INFOPLIST_FILE = Landmarks/Info.plist;
				IPHONEOS_DEPLOYMENT_TARGET = 14.0;
				LD_RUNPATH_SEARCH_PATHS = (
					"$(inherited)",
					"@executable_path/Frameworks",
				);
				PRODUCT_BUNDLE_IDENTIFIER = Test.Landmarks;
				PRODUCT_NAME = "$(TARGET_NAME)";
				PROVISIONING_PROFILE_SPECIFIER = "";
				SWIFT_VERSION = 5.0;
				TARGETED_DEVICE_FAMILY = "1,2";
			};
			name = Debug;
		};
		2BE15A4426A5395E00A741B6 /* Release */ = {
			isa = XCBuildConfiguration;
			buildSettings = {
				ASSETCATALOG_COMPILER_APPICON_NAME = AppIcon;
				ASSETCATALOG_COMPILER_GLOBAL_ACCENT_COLOR_NAME = AccentColor;
				CODE_SIGN_STYLE = Manual;
				DEVELOPMENT_ASSET_PATHS = "\"Landmarks/Preview Content\"";
				DEVELOPMENT_TEAM = "";
				ENABLE_PREVIEWS = YES;
				INFOPLIST_FILE = Landmarks/Info.plist;
				IPHONEOS_DEPLOYMENT_TARGET = 14.0;
				LD_RUNPATH_SEARCH_PATHS = (
					"$(inherited)",
					"@executable_path/Frameworks",
				);
				PRODUCT_BUNDLE_IDENTIFIER = Test.Landmarks;
				PRODUCT_NAME = "$(TARGET_NAME)";
				PROVISIONING_PROFILE_SPECIFIER = "";
				SWIFT_VERSION = 5.0;
				TARGETED_DEVICE_FAMILY = "1,2";
			};
			name = Release;
		};
		2BE15A4626A5395E00A741B6 /* Debug */ = {
			isa = XCBuildConfiguration;
			buildSettings = {
				ALWAYS_EMBED_SWIFT_STANDARD_LIBRARIES = YES;
				BUNDLE_LOADER = "$(TEST_HOST)";
				CODE_SIGN_STYLE = Automatic;
				INFOPLIST_FILE = LandmarksTests/Info.plist;
				IPHONEOS_DEPLOYMENT_TARGET = 14.0;
				LD_RUNPATH_SEARCH_PATHS = (
					"$(inherited)",
					"@executable_path/Frameworks",
					"@loader_path/Frameworks",
				);
				PRODUCT_BUNDLE_IDENTIFIER = Test.LandmarksTests;
				PRODUCT_NAME = "$(TARGET_NAME)";
				SWIFT_VERSION = 5.0;
				TARGETED_DEVICE_FAMILY = "1,2";
				TEST_HOST = "$(BUILT_PRODUCTS_DIR)/Landmarks.app/Landmarks";
			};
			name = Debug;
		};
		2BE15A4726A5395E00A741B6 /* Release */ = {
			isa = XCBuildConfiguration;
			buildSettings = {
				ALWAYS_EMBED_SWIFT_STANDARD_LIBRARIES = YES;
				BUNDLE_LOADER = "$(TEST_HOST)";
				CODE_SIGN_STYLE = Automatic;
				INFOPLIST_FILE = LandmarksTests/Info.plist;
				IPHONEOS_DEPLOYMENT_TARGET = 14.0;
				LD_RUNPATH_SEARCH_PATHS = (
					"$(inherited)",
					"@executable_path/Frameworks",
					"@loader_path/Frameworks",
				);
				PRODUCT_BUNDLE_IDENTIFIER = Test.LandmarksTests;
				PRODUCT_NAME = "$(TARGET_NAME)";
				SWIFT_VERSION = 5.0;
				TARGETED_DEVICE_FAMILY = "1,2";
				TEST_HOST = "$(BUILT_PRODUCTS_DIR)/Landmarks.app/Landmarks";
			};
			name = Release;
		};
		2BE15A4926A5395E00A741B6 /* Debug */ = {
			isa = XCBuildConfiguration;
			buildSettings = {
				ALWAYS_EMBED_SWIFT_STANDARD_LIBRARIES = YES;
				CODE_SIGN_STYLE = Automatic;
				INFOPLIST_FILE = LandmarksUITests/Info.plist;
				LD_RUNPATH_SEARCH_PATHS = (
					"$(inherited)",
					"@executable_path/Frameworks",
					"@loader_path/Frameworks",
				);
				PRODUCT_BUNDLE_IDENTIFIER = Test.LandmarksUITests;
				PRODUCT_NAME = "$(TARGET_NAME)";
				SWIFT_VERSION = 5.0;
				TARGETED_DEVICE_FAMILY = "1,2";
				TEST_TARGET_NAME = Landmarks;
			};
			name = Debug;
		};
		2BE15A4A26A5395E00A741B6 /* Release */ = {
			isa = XCBuildConfiguration;
			buildSettings = {
				ALWAYS_EMBED_SWIFT_STANDARD_LIBRARIES = YES;
				CODE_SIGN_STYLE = Automatic;
				INFOPLIST_FILE = LandmarksUITests/Info.plist;
				LD_RUNPATH_SEARCH_PATHS = (
					"$(inherited)",
					"@executable_path/Frameworks",
					"@loader_path/Frameworks",
				);
				PRODUCT_BUNDLE_IDENTIFIER = Test.LandmarksUITests;
				PRODUCT_NAME = "$(TARGET_NAME)";
				SWIFT_VERSION = 5.0;
				TARGETED_DEVICE_FAMILY = "1,2";
				TEST_TARGET_NAME = Landmarks;
			};
			name = Release;
		};
/* End XCBuildConfiguration section */

/* Begin XCConfigurationList section */
		2BE15A1826A5395D00A741B6 /* Build configuration list for PBXProject "Landmarks" */ = {
			isa = XCConfigurationList;
			buildConfigurations = (
				2BE15A4026A5395E00A741B6 /* Debug */,
				2BE15A4126A5395E00A741B6 /* Release */,
			);
			defaultConfigurationIsVisible = 0;
			defaultConfigurationName = Release;
		};
		2BE15A4226A5395E00A741B6 /* Build configuration list for PBXNativeTarget "Landmarks" */ = {
			isa = XCConfigurationList;
			buildConfigurations = (
				2BE15A4326A5395E00A741B6 /* Debug */,
				2BE15A4426A5395E00A741B6 /* Release */,
			);
			defaultConfigurationIsVisible = 0;
			defaultConfigurationName = Release;
		};
		2BE15A4526A5395E00A741B6 /* Build configuration list for PBXNativeTarget "LandmarksTests" */ = {
			isa = XCConfigurationList;
			buildConfigurations = (
				2BE15A4626A5395E00A741B6 /* Debug */,
				2BE15A4726A5395E00A741B6 /* Release */,
			);
			defaultConfigurationIsVisible = 0;
			defaultConfigurationName = Release;
		};
		2BE15A4826A5395E00A741B6 /* Build configuration list for PBXNativeTarget "LandmarksUITests" */ = {
			isa = XCConfigurationList;
			buildConfigurations = (
				2BE15A4926A5395E00A741B6 /* Debug */,
				2BE15A4A26A5395E00A741B6 /* Release */,
			);
			defaultConfigurationIsVisible = 0;
			defaultConfigurationName = Release;
		};
/* End XCConfigurationList section */
	};
	rootObject = 2BE15A1526A5395D00A741B6 /* Project object */;
}
